PODS:
  - Charts (3.2.0):
    - Charts/Core (= 3.2.0)
  - Charts/Core (3.2.0)
  - TheAmazingAudioEngine (1.5.8)

DEPENDENCIES:
  - Charts
  - TheAmazingAudioEngine

SPEC REPOS:
  https://github.com/cocoapods/specs.git:
    - Charts
    - TheAmazingAudioEngine

SPEC CHECKSUMS:
  Charts: 680c8328bd5e90cb14f67e00d2176f3113d19141
  TheAmazingAudioEngine: 24e382d9468283bb1b3f08df29b514aa522ef4fd

PODFILE CHECKSUM: 46a8288b9876a4e210d2d58a5c2270d25377face

COCOAPODS: 1.5.3
